
Microsoft Visual Studio Solution File, Format Version 12.00
# Visual Studio Version 16
VisualStudioVersion = 16.0.29009.5
MinimumVisualStudioVersion = 10.0.40219.1
Project("{9A19103F-16F7-4668-BE54-9A1E7A4F7556}") = "TransferLearningTF", "TransferLearningTF\TransferLearningTF.csproj", "{D85D11D4-C776-4CB9-8B99-C6C2FFCD1387}"
EndProject
Project("{2150E333-8FDC-42A3-9474-1A3956D46DE8}") = "Solution Items", "Solution Items", "{0B0BF083-D8F9-4FF0-AA1C-4495B217F437}"
EndProject
Project("{9A19103F-16F7-4668-BE54-9A1E7A4F7556}") = "WebApp_FireSmoke", "WebApp_FireSmoke\WebApp_FireSmoke.csproj", "{EBE75124-EE71-47B2-AE13-0290085F7A55}"
EndProject
Global
	GlobalSection(SolutionConfigurationPlatforms) = preSolution
		Debug|Any CPU = Debug|Any CPU
		Debug|x64 = Debug|x64
		Release|Any CPU = Release|Any CPU
		Release|x64 = Release|x64
	EndGlobalSection
	GlobalSection(ProjectConfigurationPlatforms) = postSolution
		{D85D11D4-C776-4CB9-8B99-C6C2FFCD1387}.Debug|Any CPU.ActiveCfg = Debug|Any CPU
		{D85D11D4-C776-4CB9-8B99-C6C2FFCD1387}.Debug|Any CPU.Build.0 = Debug|Any CPU
		{D85D11D4-C776-4CB9-8B99-C6C2FFCD1387}.Debug|x64.ActiveCfg = Debug|Any CPU
		{D85D11D4-C776-4CB9-8B99-C6C2FFCD1387}.Debug|x64.Build.0 = Debug|Any CPU
		{D85D11D4-C776-4CB9-8B99-C6C2FFCD1387}.Release|Any CPU.ActiveCfg = Release|Any CPU
		{D85D11D4-C776-4CB9-8B99-C6C2FFCD1387}.Release|Any CPU.Build.0 = Release|Any CPU
		{D85D11D4-C776-4CB9-8B99-C6C2FFCD1387}.Release|x64.ActiveCfg = Release|Any CPU
		{D85D11D4-C776-4CB9-8B99-C6C2FFCD1387}.Release|x64.Build.0 = Release|Any CPU
		{EBE75124-EE71-47B2-AE13-0290085F7A55}.Debug|Any CPU.ActiveCfg = Debug|Any CPU
		{EBE75124-EE71-47B2-AE13-0290085F7A55}.Debug|Any CPU.Build.0 = Debug|Any CPU
		{EBE75124-EE71-47B2-AE13-0290085F7A55}.Debug|x64.ActiveCfg = Debug|x64
		{EBE75124-EE71-47B2-AE13-0290085F7A55}.Debug|x64.Build.0 = Debug|x64
		{EBE75124-EE71-47B2-AE13-0290085F7A55}.Release|Any CPU.ActiveCfg = Release|Any CPU
		{EBE75124-EE71-47B2-AE13-0290085F7A55}.Release|Any CPU.Build.0 = Release|Any CPU
		{EBE75124-EE71-47B2-AE13-0290085F7A55}.Release|x64.ActiveCfg = Release|x64
		{EBE75124-EE71-47B2-AE13-0290085F7A55}.Release|x64.Build.0 = Release|x64
	EndGlobalSection
	GlobalSection(SolutionProperties) = preSolution
		HideSolutionNode = FALSE
	EndGlobalSection
	GlobalSection(ExtensibilityGlobals) = postSolution
		SolutionGuid = {9FB8FEBC-67E4-48FC-8CBA-2B1FAEB77876}
	EndGlobalSection
EndGlobal
